
Microsoft Visual Studio Solution File, Format Version 12.00
# Visual Studio Version 16
VisualStudioVersion = 16.0.810.14
MinimumVisualStudioVersion = 10.0.40219.1
Project("{FAE04EC0-301F-11D3-BF4B-00C04F79EFBC}") = "Gnome_sort", "Gnome_sort.csproj", "{0642750D-81DF-42CF-BD97-39FF45B57890}"
EndProject
Global
	GlobalSection(SolutionConfigurationPlatforms) = preSolution
		Debug|Any CPU = Debug|Any CPU
		Release|Any CPU = Release|Any CPU
	EndGlobalSection
	GlobalSection(ProjectConfigurationPlatforms) = postSolution
		{0642750D-81DF-42CF-BD97-39FF45B57890}.Debug|Any CPU.ActiveCfg = Debug|Any CPU
		{0642750D-81DF-42CF-BD97-39FF45B57890}.Debug|Any CPU.Build.0 = Debug|Any CPU
		{0642750D-81DF-42CF-BD97-39FF45B57890}.Release|Any CPU.ActiveCfg = Release|Any CPU
		{0642750D-81DF-42CF-BD97-39FF45B57890}.Release|Any CPU.Build.0 = Release|Any CPU
	EndGlobalSection
	GlobalSection(SolutionProperties) = preSolution
		HideSolutionNode = FALSE
	EndGlobalSection
	GlobalSection(ExtensibilityGlobals) = postSolution
		SolutionGuid = {52194DF1-5F86-40B6-B583-32314C914AA8}
	EndGlobalSection
EndGlobal
