
Microsoft Visual Studio Solution File, Format Version 12.00
# Visual Studio Version 16
VisualStudioVersion = 25.0.1700.0
MinimumVisualStudioVersion = 10.0.40219.1
Project("{FAE04EC0-301F-11D3-BF4B-00C04F79EFBC}") = "Merge_sort", "Merge_sort.csproj", "{C02DD081-2AC0-47DA-A482-9F5556CAE163}"
EndProject
Global
	GlobalSection(SolutionConfigurationPlatforms) = preSolution
		Debug|Any CPU = Debug|Any CPU
		Release|Any CPU = Release|Any CPU
	EndGlobalSection
	GlobalSection(ProjectConfigurationPlatforms) = postSolution
		{C02DD081-2AC0-47DA-A482-9F5556CAE163}.Debug|Any CPU.ActiveCfg = Debug|Any CPU
		{C02DD081-2AC0-47DA-A482-9F5556CAE163}.Debug|Any CPU.Build.0 = Debug|Any CPU
		{C02DD081-2AC0-47DA-A482-9F5556CAE163}.Release|Any CPU.ActiveCfg = Release|Any CPU
		{C02DD081-2AC0-47DA-A482-9F5556CAE163}.Release|Any CPU.Build.0 = Release|Any CPU
	EndGlobalSection
	GlobalSection(SolutionProperties) = preSolution
		HideSolutionNode = FALSE
	EndGlobalSection
	GlobalSection(ExtensibilityGlobals) = postSolution
		SolutionGuid = {B019D7C6-DDCA-464B-852C-ADD6EFC2DFF0}
	EndGlobalSection
EndGlobal
