
Microsoft Visual Studio Solution File, Format Version 12.00
# Visual Studio Version 16
VisualStudioVersion = 16.0.810.14
MinimumVisualStudioVersion = 10.0.40219.1
Project("{FAE04EC0-301F-11D3-BF4B-00C04F79EFBC}") = "Shell_sort", "Shell_sort.csproj", "{22D09D40-9EDA-4E76-8106-F22891525415}"
EndProject
Global
	GlobalSection(SolutionConfigurationPlatforms) = preSolution
		Debug|Any CPU = Debug|Any CPU
		Release|Any CPU = Release|Any CPU
	EndGlobalSection
	GlobalSection(ProjectConfigurationPlatforms) = postSolution
		{22D09D40-9EDA-4E76-8106-F22891525415}.Debug|Any CPU.ActiveCfg = Debug|Any CPU
		{22D09D40-9EDA-4E76-8106-F22891525415}.Debug|Any CPU.Build.0 = Debug|Any CPU
		{22D09D40-9EDA-4E76-8106-F22891525415}.Release|Any CPU.ActiveCfg = Release|Any CPU
		{22D09D40-9EDA-4E76-8106-F22891525415}.Release|Any CPU.Build.0 = Release|Any CPU
	EndGlobalSection
	GlobalSection(SolutionProperties) = preSolution
		HideSolutionNode = FALSE
	EndGlobalSection
	GlobalSection(ExtensibilityGlobals) = postSolution
		SolutionGuid = {6F8C62B7-1E7F-48B3-AC13-A6143B674428}
	EndGlobalSection
EndGlobal
