
Microsoft Visual Studio Solution File, Format Version 12.00
# Visual Studio Version 16
VisualStudioVersion = 25.0.1700.0
MinimumVisualStudioVersion = 10.0.40219.1
Project("{FAE04EC0-301F-11D3-BF4B-00C04F79EFBC}") = "Bucket_sort", "Bucket_sort.csproj", "{8720FBD5-40F6-4376-AA69-E40CF9096C03}"
EndProject
Global
	GlobalSection(SolutionConfigurationPlatforms) = preSolution
		Debug|Any CPU = Debug|Any CPU
		Release|Any CPU = Release|Any CPU
	EndGlobalSection
	GlobalSection(ProjectConfigurationPlatforms) = postSolution
		{8720FBD5-40F6-4376-AA69-E40CF9096C03}.Debug|Any CPU.ActiveCfg = Debug|Any CPU
		{8720FBD5-40F6-4376-AA69-E40CF9096C03}.Debug|Any CPU.Build.0 = Debug|Any CPU
		{8720FBD5-40F6-4376-AA69-E40CF9096C03}.Release|Any CPU.ActiveCfg = Release|Any CPU
		{8720FBD5-40F6-4376-AA69-E40CF9096C03}.Release|Any CPU.Build.0 = Release|Any CPU
	EndGlobalSection
	GlobalSection(SolutionProperties) = preSolution
		HideSolutionNode = FALSE
	EndGlobalSection
	GlobalSection(ExtensibilityGlobals) = postSolution
		SolutionGuid = {650E9825-D897-4F5E-B55F-5B75F91B8681}
	EndGlobalSection
EndGlobal
