
Microsoft Visual Studio Solution File, Format Version 12.00
# Visual Studio Version 16
VisualStudioVersion = 16.0.810.14
MinimumVisualStudioVersion = 10.0.40219.1
Project("{FAE04EC0-301F-11D3-BF4B-00C04F79EFBC}") = "Tim_sort", "Tim_sort.csproj", "{1E41A43C-AFD6-4427-B7BE-D17D1444906E}"
EndProject
Global
	GlobalSection(SolutionConfigurationPlatforms) = preSolution
		Debug|Any CPU = Debug|Any CPU
		Release|Any CPU = Release|Any CPU
	EndGlobalSection
	GlobalSection(ProjectConfigurationPlatforms) = postSolution
		{1E41A43C-AFD6-4427-B7BE-D17D1444906E}.Debug|Any CPU.ActiveCfg = Debug|Any CPU
		{1E41A43C-AFD6-4427-B7BE-D17D1444906E}.Debug|Any CPU.Build.0 = Debug|Any CPU
		{1E41A43C-AFD6-4427-B7BE-D17D1444906E}.Release|Any CPU.ActiveCfg = Release|Any CPU
		{1E41A43C-AFD6-4427-B7BE-D17D1444906E}.Release|Any CPU.Build.0 = Release|Any CPU
	EndGlobalSection
	GlobalSection(SolutionProperties) = preSolution
		HideSolutionNode = FALSE
	EndGlobalSection
	GlobalSection(ExtensibilityGlobals) = postSolution
		SolutionGuid = {96AA5E43-C031-4495-B14C-AB51613AE27C}
	EndGlobalSection
EndGlobal
