
Microsoft Visual Studio Solution File, Format Version 12.00
# Visual Studio Version 16
VisualStudioVersion = 16.0.810.14
MinimumVisualStudioVersion = 10.0.40219.1
Project("{FAE04EC0-301F-11D3-BF4B-00C04F79EFBC}") = "Comb_sort", "Comb_sort.csproj", "{1DFED680-F1C7-41DC-B042-34D61AFAAAA3}"
EndProject
Global
	GlobalSection(SolutionConfigurationPlatforms) = preSolution
		Debug|Any CPU = Debug|Any CPU
		Release|Any CPU = Release|Any CPU
	EndGlobalSection
	GlobalSection(ProjectConfigurationPlatforms) = postSolution
		{1DFED680-F1C7-41DC-B042-34D61AFAAAA3}.Debug|Any CPU.ActiveCfg = Debug|Any CPU
		{1DFED680-F1C7-41DC-B042-34D61AFAAAA3}.Debug|Any CPU.Build.0 = Debug|Any CPU
		{1DFED680-F1C7-41DC-B042-34D61AFAAAA3}.Release|Any CPU.ActiveCfg = Release|Any CPU
		{1DFED680-F1C7-41DC-B042-34D61AFAAAA3}.Release|Any CPU.Build.0 = Release|Any CPU
	EndGlobalSection
	GlobalSection(SolutionProperties) = preSolution
		HideSolutionNode = FALSE
	EndGlobalSection
	GlobalSection(ExtensibilityGlobals) = postSolution
		SolutionGuid = {62E9A010-4640-4AB2-B5C3-46074F44574D}
	EndGlobalSection
EndGlobal
